
Microsoft Visual Studio Solution File, Format Version 12.00
# Visual Studio Version 16
VisualStudioVersion = 16.0.30717.126
MinimumVisualStudioVersion = 10.0.40219.1
Project("{9A19103F-16F7-4668-BE54-9A1E7A4F7556}") = "IPFilter", "ipfilter\IPFilter.csproj", "{99074EBC-7481-488E-87A8-B603BC27075C}"
EndProject
Global
	GlobalSection(SolutionConfigurationPlatforms) = preSolution
		Debug|Any CPU = Debug|Any CPU
		Release|Any CPU = Release|Any CPU
	EndGlobalSection
	GlobalSection(ProjectConfigurationPlatforms) = postSolution
		{99074EBC-7481-488E-87A8-B603BC27075C}.Debug|Any CPU.ActiveCfg = Debug|Any CPU
		{99074EBC-7481-488E-87A8-B603BC27075C}.Debug|Any CPU.Build.0 = Debug|Any CPU
		{99074EBC-7481-488E-87A8-B603BC27075C}.Release|Any CPU.ActiveCfg = Release|Any CPU
		{99074EBC-7481-488E-87A8-B603BC27075C}.Release|Any CPU.Build.0 = Release|Any CPU
	EndGlobalSection
	GlobalSection(SolutionProperties) = preSolution
		HideSolutionNode = FALSE
	EndGlobalSection
	GlobalSection(ExtensibilityGlobals) = postSolution
		SolutionGuid = {5F86ADD6-7A9F-4E99-8784-21428DF77CC6}
	EndGlobalSection
EndGlobal
